using System;
using System.Text;

class Program
{
    static void Main(string[] args)
    {
        int n;

        // Nhập số nguyên n và yêu cầu nhập lại nếu n < 2
        do
        {
            Console.OutputEncoding = Encoding.UTF8;
            
            Console.Write("Nhập một số nguyên lớn hơn hoặc bằng 2: ");
            n = int.Parse(Console.ReadLine());
            if (n < 2)
            {
                Console.WriteLine("Số nhập vào phải lớn hơn hoặc bằng 2. Vui lòng nhập lại!");
            }
        } while (n < 2);

        // Kiểm tra số nguyên tố
        bool isPrime = IsPrime(n);

        // Hiển thị kết quả
        if (isPrime)
        {
            Console.WriteLine($"{n} là số nguyên tố.");
        }
        else
        {
            Console.WriteLine($"{n} không phải là số nguyên tố.");
        }
        Console.ReadLine();
    }

    // Hàm kiểm tra số nguyên tố
    static bool IsPrime(int number)
    {
        if (number < 2)
        {
            return false;
        }

        for (int i = 2; i <= Math.Sqrt(number); i++)
        {
            if (number % i == 0)
            {
                return false;
            }
        }

        return true;
    }
}
